// !$*UTF8*$!
{
	archiveVersion = 1;
	classes = {
	};
	objectVersion = 50;
	objects = {

/* Begin PBXBuildFile section */
		150112C520F7F04600129419 /* WebViewController.swift in Sources */ = {isa = PBXBuildFile; fileRef = 150112C420F7F04600129419 /* WebViewController.swift */; };
		150112C720F7F53D00129419 /* Tour.swift in Sources */ = {isa = PBXBuildFile; fileRef = 150112C620F7F53D00129419 /* Tour.swift */; };
		15852FF020F837250009A916 /* TourCell.xib in Resources */ = {isa = PBXBuildFile; fileRef = 15852FEF20F837250009A916 /* TourCell.xib */; };
		15852FF220F837450009A916 /* TourCell.swift in Sources */ = {isa = PBXBuildFile; fileRef = 15852FF120F837450009A916 /* TourCell.swift */; };
		15852FF420F931F30009A916 /* EyexpoLoginViewController.swift in Sources */ = {isa = PBXBuildFile; fileRef = 15852FF320F931F30009A916 /* EyexpoLoginViewController.swift */; };
		15852FF920F935D30009A916 /* EyexpoLoginCoordinator.swift in Sources */ = {isa = PBXBuildFile; fileRef = 15852FF820F935D30009A916 /* EyexpoLoginCoordinator.swift */; };
		15852FFB20F944320009A916 /* NetworkManager.swift in Sources */ = {isa = PBXBuildFile; fileRef = 15852FFA20F944320009A916 /* NetworkManager.swift */; };
		15852FFD20FD1AB20009A916 /* TourListViewController.swift in Sources */ = {isa = PBXBuildFile; fileRef = 15852FFC20FD1AB20009A916 /* TourListViewController.swift */; };
		15DE36CC20F7C2A900DA95C6 /* AppDelegate.swift in Sources */ = {isa = PBXBuildFile; fileRef = 15DE36CB20F7C2A900DA95C6 /* AppDelegate.swift */; };
		15DE36D120F7C2A900DA95C6 /* Main.storyboard in Resources */ = {isa = PBXBuildFile; fileRef = 15DE36CF20F7C2A900DA95C6 /* Main.storyboard */; };
		15DE36D420F7C2A900DA95C6 /* eyexpopronative.xcdatamodeld in Sources */ = {isa = PBXBuildFile; fileRef = 15DE36D220F7C2A900DA95C6 /* eyexpopronative.xcdatamodeld */; };
		15DE36D620F7C2AB00DA95C6 /* Assets.xcassets in Resources */ = {isa = PBXBuildFile; fileRef = 15DE36D520F7C2AB00DA95C6 /* Assets.xcassets */; };
		15DE36D920F7C2AB00DA95C6 /* LaunchScreen.storyboard in Resources */ = {isa = PBXBuildFile; fileRef = 15DE36D720F7C2AB00DA95C6 /* LaunchScreen.storyboard */; };
		7AE1912E8DC61B907B1EE492 /* Pods_eyexpopronative.framework in Frameworks */ = {isa = PBXBuildFile; fileRef = CB17ABE5C03CD44D894940CB /* Pods_eyexpopronative.framework */; };
/* End PBXBuildFile section */

/* Begin PBXFileReference section */
		150112C420F7F04600129419 /* WebViewController.swift */ = {isa = PBXFileReference; fileEncoding = 4; lastKnownFileType = sourcecode.swift; path = WebViewController.swift; sourceTree = "<group>"; };
		150112C620F7F53D00129419 /* Tour.swift */ = {isa = PBXFileReference; lastKnownFileType = sourcecode.swift; path = Tour.swift; sourceTree = "<group>"; };
		15852FEF20F837250009A916 /* TourCell.xib */ = {isa = PBXFileReference; lastKnownFileType = file.xib; path = TourCell.xib; sourceTree = "<group>"; };
		15852FF120F837450009A916 /* TourCell.swift */ = {isa = PBXFileReference; lastKnownFileType = sourcecode.swift; path = TourCell.swift; sourceTree = "<group>"; };
		15852FF320F931F30009A916 /* EyexpoLoginViewController.swift */ = {isa = PBXFileReference; lastKnownFileType = sourcecode.swift; path = EyexpoLoginViewController.swift; sourceTree = "<group>"; };
		15852FF820F935D30009A916 /* EyexpoLoginCoordinator.swift */ = {isa = PBXFileReference; lastKnownFileType = sourcecode.swift; path = EyexpoLoginCoordinator.swift; sourceTree = "<group>"; };
		15852FFA20F944320009A916 /* NetworkManager.swift */ = {isa = PBXFileReference; lastKnownFileType = sourcecode.swift; path = NetworkManager.swift; sourceTree = "<group>"; };
		15852FFC20FD1AB20009A916 /* TourListViewController.swift */ = {isa = PBXFileReference; fileEncoding = 4; lastKnownFileType = sourcecode.swift; path = TourListViewController.swift; sourceTree = "<group>"; };
		15BBF53E20FE89C200D68FAE /* eyexpopronative-Bridging-Header.h */ = {isa = PBXFileReference; lastKnownFileType = sourcecode.c.h; name = "eyexpopronative-Bridging-Header.h"; path = "eyexpopronative/eyexpopronative-Bridging-Header.h"; sourceTree = "<group>"; };
		15DE36C820F7C2A900DA95C6 /* eyexpopronative.app */ = {isa = PBXFileReference; explicitFileType = wrapper.application; includeInIndex = 0; path = eyexpopronative.app; sourceTree = BUILT_PRODUCTS_DIR; };
		15DE36CB20F7C2A900DA95C6 /* AppDelegate.swift */ = {isa = PBXFileReference; lastKnownFileType = sourcecode.swift; path = AppDelegate.swift; sourceTree = "<group>"; };
		15DE36D020F7C2A900DA95C6 /* Base */ = {isa = PBXFileReference; lastKnownFileType = file.storyboard; name = Base; path = Base.lproj/Main.storyboard; sourceTree = "<group>"; };
		15DE36D320F7C2A900DA95C6 /* eyexpopronative.xcdatamodel */ = {isa = PBXFileReference; lastKnownFileType = wrapper.xcdatamodel; path = eyexpopronative.xcdatamodel; sourceTree = "<group>"; };
		15DE36D520F7C2AB00DA95C6 /* Assets.xcassets */ = {isa = PBXFileReference; lastKnownFileType = folder.assetcatalog; path = Assets.xcassets; sourceTree = "<group>"; };
		15DE36D820F7C2AB00DA95C6 /* Base */ = {isa = PBXFileReference; lastKnownFileType = file.storyboard; name = Base; path = Base.lproj/LaunchScreen.storyboard; sourceTree = "<group>"; };
		15DE36DA20F7C2AB00DA95C6 /* Info.plist */ = {isa = PBXFileReference; lastKnownFileType = text.plist.xml; path = Info.plist; sourceTree = "<group>"; };
		32D66DF8299BF4DFC99DE667 /* Pods-eyexpopronative.release.xcconfig */ = {isa = PBXFileReference; includeInIndex = 1; lastKnownFileType = text.xcconfig; name = "Pods-eyexpopronative.release.xcconfig"; path = "Pods/Target Support Files/Pods-eyexpopronative/Pods-eyexpopronative.release.xcconfig"; sourceTree = "<group>"; };
		CB17ABE5C03CD44D894940CB /* Pods_eyexpopronative.framework */ = {isa = PBXFileReference; explicitFileType = wrapper.framework; includeInIndex = 0; path = Pods_eyexpopronative.framework; sourceTree = BUILT_PRODUCTS_DIR; };
		DCB18BC8385DD68B0321E857 /* Pods-eyexpopronative.debug.xcconfig */ = {isa = PBXFileReference; includeInIndex = 1; lastKnownFileType = text.xcconfig; name = "Pods-eyexpopronative.debug.xcconfig"; path = "Pods/Target Support Files/Pods-eyexpopronative/Pods-eyexpopronative.debug.xcconfig"; sourceTree = "<group>"; };
/* End PBXFileReference section */

/* Begin PBXFrameworksBuildPhase section */
		15DE36C520F7C2A900DA95C6 /* Frameworks */ = {
			isa = PBXFrameworksBuildPhase;
			buildActionMask = 2147483647;
			files = (
				7AE1912E8DC61B907B1EE492 /* Pods_eyexpopronative.framework in Frameworks */,
			);
			runOnlyForDeploymentPostprocessing = 0;
		};
/* End PBXFrameworksBuildPhase section */

/* Begin PBXGroup section */
		15852FF520F9332E0009A916 /* Model */ = {
			isa = PBXGroup;
			children = (
				150112C620F7F53D00129419 /* Tour.swift */,
			);
			path = Model;
			sourceTree = "<group>";
		};
		15852FF620F933390009A916 /* UIComponents */ = {
			isa = PBXGroup;
			children = (
				15852FF720F933480009A916 /* TourCell */,
			);
			path = UIComponents;
			sourceTree = "<group>";
		};
		15852FF720F933480009A916 /* TourCell */ = {
			isa = PBXGroup;
			children = (
				15852FF120F837450009A916 /* TourCell.swift */,
				15852FEF20F837250009A916 /* TourCell.xib */,
			);
			path = TourCell;
			sourceTree = "<group>";
		};
		15DE36BF20F7C2A900DA95C6 = {
			isa = PBXGroup;
			children = (
				15BBF53E20FE89C200D68FAE /* eyexpopronative-Bridging-Header.h */,
				15DE36CA20F7C2A900DA95C6 /* eyexpopronative */,
				15DE36C920F7C2A900DA95C6 /* Products */,
				B9E4A4D66F822F166595F9BB /* Pods */,
				203C05E1FE1FF136BCB19F49 /* Frameworks */,
			);
			sourceTree = "<group>";
		};
		15DE36C920F7C2A900DA95C6 /* Products */ = {
			isa = PBXGroup;
			children = (
				15DE36C820F7C2A900DA95C6 /* eyexpopronative.app */,
			);
			name = Products;
			sourceTree = "<group>";
		};
		15DE36CA20F7C2A900DA95C6 /* eyexpopronative */ = {
			isa = PBXGroup;
			children = (
				15DE36CB20F7C2A900DA95C6 /* AppDelegate.swift */,
				15852FF320F931F30009A916 /* EyexpoLoginViewController.swift */,
				15852FF820F935D30009A916 /* EyexpoLoginCoordinator.swift */,
				15852FFA20F944320009A916 /* NetworkManager.swift */,
				15852FFC20FD1AB20009A916 /* TourListViewController.swift */,
				150112C420F7F04600129419 /* WebViewController.swift */,
				15852FF520F9332E0009A916 /* Model */,
				15852FF620F933390009A916 /* UIComponents */,
				15DE36CF20F7C2A900DA95C6 /* Main.storyboard */,
				15DE36D520F7C2AB00DA95C6 /* Assets.xcassets */,
				15DE36D720F7C2AB00DA95C6 /* LaunchScreen.storyboard */,
				15DE36DA20F7C2AB00DA95C6 /* Info.plist */,
				15DE36D220F7C2A900DA95C6 /* eyexpopronative.xcdatamodeld */,
			);
			path = eyexpopronative;
			sourceTree = "<group>";
		};
		203C05E1FE1FF136BCB19F49 /* Frameworks */ = {
			isa = PBXGroup;
			children = (
				CB17ABE5C03CD44D894940CB /* Pods_eyexpopronative.framework */,
			);
			name = Frameworks;
			sourceTree = "<group>";
		};
		B9E4A4D66F822F166595F9BB /* Pods */ = {
			isa = PBXGroup;
			children = (
				DCB18BC8385DD68B0321E857 /* Pods-eyexpopronative.debug.xcconfig */,
				32D66DF8299BF4DFC99DE667 /* Pods-eyexpopronative.release.xcconfig */,
			);
			name = Pods;
			sourceTree = "<group>";
		};
/* End PBXGroup section */

/* Begin PBXNativeTarget section */
		15DE36C720F7C2A900DA95C6 /* eyexpopronative */ = {
			isa = PBXNativeTarget;
			buildConfigurationList = 15DE36DD20F7C2AB00DA95C6 /* Build configuration list for PBXNativeTarget "eyexpopronative" */;
			buildPhases = (
				3482C6A87D7E834004F85B6D /* [CP] Check Pods Manifest.lock */,
				15DE36C420F7C2A900DA95C6 /* Sources */,
				15DE36C520F7C2A900DA95C6 /* Frameworks */,
				15DE36C620F7C2A900DA95C6 /* Resources */,
				C8C6B7BA8B3C0A5B431F6D8D /* [CP] Embed Pods Frameworks */,
				BD52CE85A0DD15D565FA5AF3 /* [CP] Copy Pods Resources */,
			);
			buildRules = (
			);
			dependencies = (
			);
			name = eyexpopronative;
			productName = eyexpopronative;
			productReference = 15DE36C820F7C2A900DA95C6 /* eyexpopronative.app */;
			productType = "com.apple.product-type.application";
		};
/* End PBXNativeTarget section */

/* Begin PBXProject section */
		15DE36C020F7C2A900DA95C6 /* Project object */ = {
			isa = PBXProject;
			attributes = {
				LastSwiftUpdateCheck = 0930;
				LastUpgradeCheck = 0930;
				ORGANIZATIONNAME = eyexpo;
				TargetAttributes = {
					15DE36C720F7C2A900DA95C6 = {
						CreatedOnToolsVersion = 9.3.1;
					};
				};
			};
			buildConfigurationList = 15DE36C320F7C2A900DA95C6 /* Build configuration list for PBXProject "eyexpopronative" */;
			compatibilityVersion = "Xcode 9.3";
			developmentRegion = en;
			hasScannedForEncodings = 0;
			knownRegions = (
				en,
				Base,
			);
			mainGroup = 15DE36BF20F7C2A900DA95C6;
			productRefGroup = 15DE36C920F7C2A900DA95C6 /* Products */;
			projectDirPath = "";
			projectRoot = "";
			targets = (
				15DE36C720F7C2A900DA95C6 /* eyexpopronative */,
			);
		};
/* End PBXProject section */

/* Begin PBXResourcesBuildPhase section */
		15DE36C620F7C2A900DA95C6 /* Resources */ = {
			isa = PBXResourcesBuildPhase;
			buildActionMask = 2147483647;
			files = (
				15DE36D920F7C2AB00DA95C6 /* LaunchScreen.storyboard in Resources */,
				15DE36D620F7C2AB00DA95C6 /* Assets.xcassets in Resources */,
				15DE36D120F7C2A900DA95C6 /* Main.storyboard in Resources */,
				15852FF020F837250009A916 /* TourCell.xib in Resources */,
			);
			runOnlyForDeploymentPostprocessing = 0;
		};
/* End PBXResourcesBuildPhase section */

/* Begin PBXShellScriptBuildPhase section */
		3482C6A87D7E834004F85B6D /* [CP] Check Pods Manifest.lock */ = {
			isa = PBXShellScriptBuildPhase;
			buildActionMask = 2147483647;
			files = (
			);
			inputPaths = (
				"${PODS_PODFILE_DIR_PATH}/Podfile.lock",
				"${PODS_ROOT}/Manifest.lock",
			);
			name = "[CP] Check Pods Manifest.lock";
			outputPaths = (
				"$(DERIVED_FILE_DIR)/Pods-eyexpopronative-checkManifestLockResult.txt",
			);
			runOnlyForDeploymentPostprocessing = 0;
			shellPath = /bin/sh;
			shellScript = "diff \"${PODS_PODFILE_DIR_PATH}/Podfile.lock\" \"${PODS_ROOT}/Manifest.lock\" > /dev/null\nif [ $? != 0 ] ; then\n    # print error to STDERR\n    echo \"error: The sandbox is not in sync with the Podfile.lock. Run 'pod install' or update your CocoaPods installation.\" >&2\n    exit 1\nfi\n# This output is used by Xcode 'outputs' to avoid re-running this script phase.\necho \"SUCCESS\" > \"${SCRIPT_OUTPUT_FILE_0}\"\n";
			showEnvVarsInLog = 0;
		};
		BD52CE85A0DD15D565FA5AF3 /* [CP] Copy Pods Resources */ = {
			isa = PBXShellScriptBuildPhase;
			buildActionMask = 2147483647;
			files = (
			);
			inputPaths = (
				"${SRCROOT}/Pods/Target Support Files/Pods-eyexpopronative/Pods-eyexpopronative-resources.sh",
				"${PODS_ROOT}/GVRSDK/Resources/CardboardSDK.bundle",
				"${PODS_ROOT}/GVRSDK/Resources/GoogleKitCore.bundle",
				"${PODS_ROOT}/GVRSDK/Resources/GoogleKitDialogs.bundle",
				"${PODS_ROOT}/GVRSDK/Resources/GoogleKitDialogsArrows.bundle",
				"${PODS_ROOT}/GVRSDK/Resources/GoogleKitDialogsStrings.bundle",
				"${PODS_ROOT}/GVRSDK/Resources/GoogleKitHUD.bundle",
				"${PODS_ROOT}/GVRSDK/Resources/MaterialRobotoFontLoader.bundle",
			);
			name = "[CP] Copy Pods Resources";
			outputPaths = (
				"${TARGET_BUILD_DIR}/${UNLOCALIZED_RESOURCES_FOLDER_PATH}/CardboardSDK.bundle",
				"${TARGET_BUILD_DIR}/${UNLOCALIZED_RESOURCES_FOLDER_PATH}/GoogleKitCore.bundle",
				"${TARGET_BUILD_DIR}/${UNLOCALIZED_RESOURCES_FOLDER_PATH}/GoogleKitDialogs.bundle",
				"${TARGET_BUILD_DIR}/${UNLOCALIZED_RESOURCES_FOLDER_PATH}/GoogleKitDialogsArrows.bundle",
				"${TARGET_BUILD_DIR}/${UNLOCALIZED_RESOURCES_FOLDER_PATH}/GoogleKitDialogsStrings.bundle",
				"${TARGET_BUILD_DIR}/${UNLOCALIZED_RESOURCES_FOLDER_PATH}/GoogleKitHUD.bundle",
				"${TARGET_BUILD_DIR}/${UNLOCALIZED_RESOURCES_FOLDER_PATH}/MaterialRobotoFontLoader.bundle",
			);
			runOnlyForDeploymentPostprocessing = 0;
			shellPath = /bin/sh;
			shellScript = "\"${SRCROOT}/Pods/Target Support Files/Pods-eyexpopronative/Pods-eyexpopronative-resources.sh\"\n";
			showEnvVarsInLog = 0;
		};
		C8C6B7BA8B3C0A5B431F6D8D /* [CP] Embed Pods Frameworks */ = {
			isa = PBXShellScriptBuildPhase;
			buildActionMask = 2147483647;
			files = (
			);
			inputPaths = (
				"${SRCROOT}/Pods/Target Support Files/Pods-eyexpopronative/Pods-eyexpopronative-frameworks.sh",
				"${BUILT_PRODUCTS_DIR}/Alamofire/Alamofire.framework",
				"${BUILT_PRODUCTS_DIR}/Bolts/Bolts.framework",
				"${BUILT_PRODUCTS_DIR}/FBSDKCoreKit/FBSDKCoreKit.framework",
				"${BUILT_PRODUCTS_DIR}/FBSDKLoginKit/FBSDKLoginKit.framework",
				"${BUILT_PRODUCTS_DIR}/FLAnimatedImage/FLAnimatedImage.framework",
				"${BUILT_PRODUCTS_DIR}/GTMSessionFetcher/GTMSessionFetcher.framework",
				"${BUILT_PRODUCTS_DIR}/GoogleToolboxForMac/GoogleToolboxForMac.framework",
				"${BUILT_PRODUCTS_DIR}/ILLoginKit/ILLoginKit.framework",
				"${BUILT_PRODUCTS_DIR}/SDWebImage/SDWebImage.framework",
				"${BUILT_PRODUCTS_DIR}/SwiftyJSON/SwiftyJSON.framework",
				"${BUILT_PRODUCTS_DIR}/Validator/Validator.framework",
			);
			name = "[CP] Embed Pods Frameworks";
			outputPaths = (
				"${TARGET_BUILD_DIR}/${FRAMEWORKS_FOLDER_PATH}/Alamofire.framework",
				"${TARGET_BUILD_DIR}/${FRAMEWORKS_FOLDER_PATH}/Bolts.framework",
				"${TARGET_BUILD_DIR}/${FRAMEWORKS_FOLDER_PATH}/FBSDKCoreKit.framework",
				"${TARGET_BUILD_DIR}/${FRAMEWORKS_FOLDER_PATH}/FBSDKLoginKit.framework",
				"${TARGET_BUILD_DIR}/${FRAMEWORKS_FOLDER_PATH}/FLAnimatedImage.framework",
				"${TARGET_BUILD_DIR}/${FRAMEWORKS_FOLDER_PATH}/GTMSessionFetcher.framework",
				"${TARGET_BUILD_DIR}/${FRAMEWORKS_FOLDER_PATH}/GoogleToolboxForMac.framework",
				"${TARGET_BUILD_DIR}/${FRAMEWORKS_FOLDER_PATH}/ILLoginKit.framework",
				"${TARGET_BUILD_DIR}/${FRAMEWORKS_FOLDER_PATH}/SDWebImage.framework",
				"${TARGET_BUILD_DIR}/${FRAMEWORKS_FOLDER_PATH}/SwiftyJSON.framework",
				"${TARGET_BUILD_DIR}/${FRAMEWORKS_FOLDER_PATH}/Validator.framework",
			);
			runOnlyForDeploymentPostprocessing = 0;
			shellPath = /bin/sh;
			shellScript = "\"${SRCROOT}/Pods/Target Support Files/Pods-eyexpopronative/Pods-eyexpopronative-frameworks.sh\"\n";
			showEnvVarsInLog = 0;
		};
/* End PBXShellScriptBuildPhase section */

/* Begin PBXSourcesBuildPhase section */
		15DE36C420F7C2A900DA95C6 /* Sources */ = {
			isa = PBXSourcesBuildPhase;
			buildActionMask = 2147483647;
			files = (
				15852FF420F931F30009A916 /* EyexpoLoginViewController.swift in Sources */,
				15DE36D420F7C2A900DA95C6 /* eyexpopronative.xcdatamodeld in Sources */,
				15DE36CC20F7C2A900DA95C6 /* AppDelegate.swift in Sources */,
				15852FFD20FD1AB20009A916 /* TourListViewController.swift in Sources */,
				150112C720F7F53D00129419 /* Tour.swift in Sources */,
				150112C520F7F04600129419 /* WebViewController.swift in Sources */,
				15852FF920F935D30009A916 /* EyexpoLoginCoordinator.swift in Sources */,
				15852FFB20F944320009A916 /* NetworkManager.swift in Sources */,
				15852FF220F837450009A916 /* TourCell.swift in Sources */,
			);
			runOnlyForDeploymentPostprocessing = 0;
		};
/* End PBXSourcesBuildPhase section */

/* Begin PBXVariantGroup section */
		15DE36CF20F7C2A900DA95C6 /* Main.storyboard */ = {
			isa = PBXVariantGroup;
			children = (
				15DE36D020F7C2A900DA95C6 /* Base */,
			);
			name = Main.storyboard;
			sourceTree = "<group>";
		};
		15DE36D720F7C2AB00DA95C6 /* LaunchScreen.storyboard */ = {
			isa = PBXVariantGroup;
			children = (
				15DE36D820F7C2AB00DA95C6 /* Base */,
			);
			name = LaunchScreen.storyboard;
			sourceTree = "<group>";
		};
/* End PBXVariantGroup section */

/* Begin XCBuildConfiguration section */
		15DE36DB20F7C2AB00DA95C6 /* Debug */ = {
			isa = XCBuildConfiguration;
			buildSettings = {
				ALWAYS_SEARCH_USER_PATHS = NO;
				CLANG_ANALYZER_NONNULL = YES;
				CLANG_ANALYZER_NUMBER_OBJECT_CONVERSION = YES_AGGRESSIVE;
				CLANG_CXX_LANGUAGE_STANDARD = "gnu++14";
				CLANG_CXX_LIBRARY = "libc++";
				CLANG_ENABLE_MODULES = YES;
				CLANG_ENABLE_OBJC_ARC = YES;
				CLANG_ENABLE_OBJC_WEAK = YES;
				CLANG_WARN_BLOCK_CAPTURE_AUTORELEASING = YES;
				CLANG_WARN_BOOL_CONVERSION = YES;
				CLANG_WARN_COMMA = YES;
				CLANG_WARN_CONSTANT_CONVERSION = YES;
				CLANG_WARN_DEPRECATED_OBJC_IMPLEMENTATIONS = YES;
				CLANG_WARN_DIRECT_OBJC_ISA_USAGE = YES_ERROR;
				CLANG_WARN_DOCUMENTATION_COMMENTS = YES;
				CLANG_WARN_EMPTY_BODY = YES;
				CLANG_WARN_ENUM_CONVERSION = YES;
				CLANG_WARN_INFINITE_RECURSION = YES;
				CLANG_WARN_INT_CONVERSION = YES;
				CLANG_WARN_NON_LITERAL_NULL_CONVERSION = YES;
				CLANG_WARN_OBJC_IMPLICIT_RETAIN_SELF = YES;
				CLANG_WARN_OBJC_LITERAL_CONVERSION = YES;
				CLANG_WARN_OBJC_ROOT_CLASS = YES_ERROR;
				CLANG_WARN_RANGE_LOOP_ANALYSIS = YES;
				CLANG_WARN_STRICT_PROTOTYPES = YES;
				CLANG_WARN_SUSPICIOUS_MOVE = YES;
				CLANG_WARN_UNGUARDED_AVAILABILITY = YES_AGGRESSIVE;
				CLANG_WARN_UNREACHABLE_CODE = YES;
				CLANG_WARN__DUPLICATE_METHOD_MATCH = YES;
				CODE_SIGN_IDENTITY = "iPhone Developer";
				COPY_PHASE_STRIP = NO;
				DEBUG_INFORMATION_FORMAT = dwarf;
				ENABLE_STRICT_OBJC_MSGSEND = YES;
				ENABLE_TESTABILITY = YES;
				GCC_C_LANGUAGE_STANDARD = gnu11;
				GCC_DYNAMIC_NO_PIC = NO;
				GCC_NO_COMMON_BLOCKS = YES;
				GCC_OPTIMIZATION_LEVEL = 0;
				GCC_PREPROCESSOR_DEFINITIONS = (
					"DEBUG=1",
					"$(inherited)",
				);
				GCC_WARN_64_TO_32_BIT_CONVERSION = YES;
				GCC_WARN_ABOUT_RETURN_TYPE = YES_ERROR;
				GCC_WARN_UNDECLARED_SELECTOR = YES;
				GCC_WARN_UNINITIALIZED_AUTOS = YES_AGGRESSIVE;
				GCC_WARN_UNUSED_FUNCTION = YES;
				GCC_WARN_UNUSED_VARIABLE = YES;
				IPHONEOS_DEPLOYMENT_TARGET = 11.3;
				MTL_ENABLE_DEBUG_INFO = YES;
				ONLY_ACTIVE_ARCH = YES;
				SDKROOT = iphoneos;
				SWIFT_ACTIVE_COMPILATION_CONDITIONS = DEBUG;
				SWIFT_OPTIMIZATION_LEVEL = "-Onone";
			};
			name = Debug;
		};
		15DE36DC20F7C2AB00DA95C6 /* Release */ = {
			isa = XCBuildConfiguration;
			buildSettings = {
				ALWAYS_SEARCH_USER_PATHS = NO;
				CLANG_ANALYZER_NONNULL = YES;
				CLANG_ANALYZER_NUMBER_OBJECT_CONVERSION = YES_AGGRESSIVE;
				CLANG_CXX_LANGUAGE_STANDARD = "gnu++14";
				CLANG_CXX_LIBRARY = "libc++";
				CLANG_ENABLE_MODULES = YES;
				CLANG_ENABLE_OBJC_ARC = YES;
				CLANG_ENABLE_OBJC_WEAK = YES;
				CLANG_WARN_BLOCK_CAPTURE_AUTORELEASING = YES;
				CLANG_WARN_BOOL_CONVERSION = YES;
				CLANG_WARN_COMMA = YES;
				CLANG_WARN_CONSTANT_CONVERSION = YES;
				CLANG_WARN_DEPRECATED_OBJC_IMPLEMENTATIONS = YES;
				CLANG_WARN_DIRECT_OBJC_ISA_USAGE = YES_ERROR;
				CLANG_WARN_DOCUMENTATION_COMMENTS = YES;
				CLANG_WARN_EMPTY_BODY = YES;
				CLANG_WARN_ENUM_CONVERSION = YES;
				CLANG_WARN_INFINITE_RECURSION = YES;
				CLANG_WARN_INT_CONVERSION = YES;
				CLANG_WARN_NON_LITERAL_NULL_CONVERSION = YES;
				CLANG_WARN_OBJC_IMPLICIT_RETAIN_SELF = YES;
				CLANG_WARN_OBJC_LITERAL_CONVERSION = YES;
				CLANG_WARN_OBJC_ROOT_CLASS = YES_ERROR;
				CLANG_WARN_RANGE_LOOP_ANALYSIS = YES;
				CLANG_WARN_STRICT_PROTOTYPES = YES;
				CLANG_WARN_SUSPICIOUS_MOVE = YES;
				CLANG_WARN_UNGUARDED_AVAILABILITY = YES_AGGRESSIVE;
				CLANG_WARN_UNREACHABLE_CODE = YES;
				CLANG_WARN__DUPLICATE_METHOD_MATCH = YES;
				CODE_SIGN_IDENTITY = "iPhone Developer";
				COPY_PHASE_STRIP = NO;
				DEBUG_INFORMATION_FORMAT = "dwarf-with-dsym";
				ENABLE_NS_ASSERTIONS = NO;
				ENABLE_STRICT_OBJC_MSGSEND = YES;
				GCC_C_LANGUAGE_STANDARD = gnu11;
				GCC_NO_COMMON_BLOCKS = YES;
				GCC_WARN_64_TO_32_BIT_CONVERSION = YES;
				GCC_WARN_ABOUT_RETURN_TYPE = YES_ERROR;
				GCC_WARN_UNDECLARED_SELECTOR = YES;
				GCC_WARN_UNINITIALIZED_AUTOS = YES_AGGRESSIVE;
				GCC_WARN_UNUSED_FUNCTION = YES;
				GCC_WARN_UNUSED_VARIABLE = YES;
				IPHONEOS_DEPLOYMENT_TARGET = 11.3;
				MTL_ENABLE_DEBUG_INFO = NO;
				SDKROOT = iphoneos;
				SWIFT_COMPILATION_MODE = wholemodule;
				SWIFT_OPTIMIZATION_LEVEL = "-O";
				VALIDATE_PRODUCT = YES;
			};
			name = Release;
		};
		15DE36DE20F7C2AB00DA95C6 /* Debug */ = {
			isa = XCBuildConfiguration;
			baseConfigurationReference = DCB18BC8385DD68B0321E857 /* Pods-eyexpopronative.debug.xcconfig */;
			buildSettings = {
				ASSETCATALOG_COMPILER_APPICON_NAME = AppIcon;
				CODE_SIGN_STYLE = Automatic;
				DEVELOPMENT_TEAM = TKDM5U98B6;
				INFOPLIST_FILE = eyexpopronative/Info.plist;
				LD_RUNPATH_SEARCH_PATHS = (
					"$(inherited)",
					"@executable_path/Frameworks",
				);
				PRODUCT_BUNDLE_IDENTIFIER = com.eyexpo.pro.nativedemo;
				PRODUCT_NAME = "$(TARGET_NAME)";
				SWIFT_OBJC_BRIDGING_HEADER = "eyexpopronative/eyexpopronative-Bridging-Header.h";
				SWIFT_VERSION = 4.0;
				TARGETED_DEVICE_FAMILY = 1;
			};
			name = Debug;
		};
		15DE36DF20F7C2AB00DA95C6 /* Release */ = {
			isa = XCBuildConfiguration;
			baseConfigurationReference = 32D66DF8299BF4DFC99DE667 /* Pods-eyexpopronative.release.xcconfig */;
			buildSettings = {
				ASSETCATALOG_COMPILER_APPICON_NAME = AppIcon;
				CODE_SIGN_STYLE = Automatic;
				DEVELOPMENT_TEAM = TKDM5U98B6;
				INFOPLIST_FILE = eyexpopronative/Info.plist;
				LD_RUNPATH_SEARCH_PATHS = (
					"$(inherited)",
					"@executable_path/Frameworks",
				);
				PRODUCT_BUNDLE_IDENTIFIER = com.eyexpo.pro.nativedemo;
				PRODUCT_NAME = "$(TARGET_NAME)";
				SWIFT_OBJC_BRIDGING_HEADER = "eyexpopronative/eyexpopronative-Bridging-Header.h";
				SWIFT_VERSION = 4.0;
				TARGETED_DEVICE_FAMILY = 1;
			};
			name = Release;
		};
/* End XCBuildConfiguration section */

/* Begin XCConfigurationList section */
		15DE36C320F7C2A900DA95C6 /* Build configuration list for PBXProject "eyexpopronative" */ = {
			isa = XCConfigurationList;
			buildConfigurations = (
				15DE36DB20F7C2AB00DA95C6 /* Debug */,
				15DE36DC20F7C2AB00DA95C6 /* Release */,
			);
			defaultConfigurationIsVisible = 0;
			defaultConfigurationName = Release;
		};
		15DE36DD20F7C2AB00DA95C6 /* Build configuration list for PBXNativeTarget "eyexpopronative" */ = {
			isa = XCConfigurationList;
			buildConfigurations = (
				15DE36DE20F7C2AB00DA95C6 /* Debug */,
				15DE36DF20F7C2AB00DA95C6 /* Release */,
			);
			defaultConfigurationIsVisible = 0;
			defaultConfigurationName = Release;
		};
/* End XCConfigurationList section */

/* Begin XCVersionGroup section */
		15DE36D220F7C2A900DA95C6 /* eyexpopronative.xcdatamodeld */ = {
			isa = XCVersionGroup;
			children = (
				15DE36D320F7C2A900DA95C6 /* eyexpopronative.xcdatamodel */,
			);
			currentVersion = 15DE36D320F7C2A900DA95C6 /* eyexpopronative.xcdatamodel */;
			path = eyexpopronative.xcdatamodeld;
			sourceTree = "<group>";
			versionGroupType = wrapper.xcdatamodel;
		};
/* End XCVersionGroup section */
	};
	rootObject = 15DE36C020F7C2A900DA95C6 /* Project object */;
}
